<?xml version="1.0" encoding="UTF-8"?>
<CodeBlocks_project_file>
	<FileVersion major="1" minor="6"/>
	<Project>
		<Option title="Codage_de_Huffman"/>
		<Option makefile_is_custom="1"/>
		<Option compiler="gcc"/>
		<Option virtualFolders="CMake Files\;"/>
		<Build>
			<Target title="all">
				<Option working_dir="/home/ubuntu-nico/Documents/Workspace/Projet_C/Codage_de_Huffman"/>
				<Option type="4"/>
				<MakeCommands>
					<Build command="/usr/bin/make -f &quot;/home/ubuntu-nico/Documents/Workspace/Projet_C/Codage_de_Huffman/Makefile&quot;  VERBOSE=1 all"/>
					<CompileFile command="/usr/bin/make -f &quot;/home/ubuntu-nico/Documents/Workspace/Projet_C/Codage_de_Huffman/Makefile&quot;  VERBOSE=1 &quot;$file&quot;"/>
					<Clean command="/usr/bin/make -f &quot;/home/ubuntu-nico/Documents/Workspace/Projet_C/Codage_de_Huffman/Makefile&quot;  VERBOSE=1 clean"/>
					<DistClean command="/usr/bin/make -f &quot;/home/ubuntu-nico/Documents/Workspace/Projet_C/Codage_de_Huffman/Makefile&quot;  VERBOSE=1 clean"/>
				</MakeCommands>
			</Target>
			<Target title="rebuild_cache">
				<Option working_dir="/home/ubuntu-nico/Documents/Workspace/Projet_C/Codage_de_Huffman"/>
				<Option type="4"/>
				<MakeCommands>
					<Build command="/usr/bin/make -f &quot;/home/ubuntu-nico/Documents/Workspace/Projet_C/Codage_de_Huffman/Makefile&quot;  VERBOSE=1 rebuild_cache"/>
					<CompileFile command="/usr/bin/make -f &quot;/home/ubuntu-nico/Documents/Workspace/Projet_C/Codage_de_Huffman/Makefile&quot;  VERBOSE=1 &quot;$file&quot;"/>
					<Clean command="/usr/bin/make -f &quot;/home/ubuntu-nico/Documents/Workspace/Projet_C/Codage_de_Huffman/Makefile&quot;  VERBOSE=1 clean"/>
					<DistClean command="/usr/bin/make -f &quot;/home/ubuntu-nico/Documents/Workspace/Projet_C/Codage_de_Huffman/Makefile&quot;  VERBOSE=1 clean"/>
				</MakeCommands>
			</Target>
			<Target title="edit_cache">
				<Option working_dir="/home/ubuntu-nico/Documents/Workspace/Projet_C/Codage_de_Huffman"/>
				<Option type="4"/>
				<MakeCommands>
					<Build command="/usr/bin/make -f &quot;/home/ubuntu-nico/Documents/Workspace/Projet_C/Codage_de_Huffman/Makefile&quot;  VERBOSE=1 edit_cache"/>
					<CompileFile command="/usr/bin/make -f &quot;/home/ubuntu-nico/Documents/Workspace/Projet_C/Codage_de_Huffman/Makefile&quot;  VERBOSE=1 &quot;$file&quot;"/>
					<Clean command="/usr/bin/make -f &quot;/home/ubuntu-nico/Documents/Workspace/Projet_C/Codage_de_Huffman/Makefile&quot;  VERBOSE=1 clean"/>
					<DistClean command="/usr/bin/make -f &quot;/home/ubuntu-nico/Documents/Workspace/Projet_C/Codage_de_Huffman/Makefile&quot;  VERBOSE=1 clean"/>
				</MakeCommands>
			</Target>
			<Target title="Codage_de_Huffman">
				<Option output="/home/ubuntu-nico/Documents/Workspace/Projet_C/Codage_de_Huffman/Codage_de_Huffman" prefix_auto="0" extension_auto="0"/>
				<Option working_dir="/home/ubuntu-nico/Documents/Workspace/Projet_C/Codage_de_Huffman"/>
				<Option object_output="./"/>
				<Option type="1"/>
				<Option compiler="gcc"/>
				<Compiler>
					<Add directory="/home/ubuntu-nico/Documents/Workspace/Projet_C/Codage_de_Huffman/."/>
				</Compiler>
				<MakeCommands>
					<Build command="/usr/bin/make -f &quot;/home/ubuntu-nico/Documents/Workspace/Projet_C/Codage_de_Huffman/Makefile&quot;  VERBOSE=1 Codage_de_Huffman"/>
					<CompileFile command="/usr/bin/make -f &quot;/home/ubuntu-nico/Documents/Workspace/Projet_C/Codage_de_Huffman/Makefile&quot;  VERBOSE=1 &quot;$file&quot;"/>
					<Clean command="/usr/bin/make -f &quot;/home/ubuntu-nico/Documents/Workspace/Projet_C/Codage_de_Huffman/Makefile&quot;  VERBOSE=1 clean"/>
					<DistClean command="/usr/bin/make -f &quot;/home/ubuntu-nico/Documents/Workspace/Projet_C/Codage_de_Huffman/Makefile&quot;  VERBOSE=1 clean"/>
				</MakeCommands>
			</Target>
			<Target title="Codage_de_Huffman/fast">
				<Option output="/home/ubuntu-nico/Documents/Workspace/Projet_C/Codage_de_Huffman/Codage_de_Huffman" prefix_auto="0" extension_auto="0"/>
				<Option working_dir="/home/ubuntu-nico/Documents/Workspace/Projet_C/Codage_de_Huffman"/>
				<Option object_output="./"/>
				<Option type="1"/>
				<Option compiler="gcc"/>
				<Compiler>
					<Add directory="/home/ubuntu-nico/Documents/Workspace/Projet_C/Codage_de_Huffman/."/>
				</Compiler>
				<MakeCommands>
					<Build command="/usr/bin/make -f &quot;/home/ubuntu-nico/Documents/Workspace/Projet_C/Codage_de_Huffman/Makefile&quot;  VERBOSE=1 Codage_de_Huffman/fast"/>
					<CompileFile command="/usr/bin/make -f &quot;/home/ubuntu-nico/Documents/Workspace/Projet_C/Codage_de_Huffman/Makefile&quot;  VERBOSE=1 &quot;$file&quot;"/>
					<Clean command="/usr/bin/make -f &quot;/home/ubuntu-nico/Documents/Workspace/Projet_C/Codage_de_Huffman/Makefile&quot;  VERBOSE=1 clean"/>
					<DistClean command="/usr/bin/make -f &quot;/home/ubuntu-nico/Documents/Workspace/Projet_C/Codage_de_Huffman/Makefile&quot;  VERBOSE=1 clean"/>
				</MakeCommands>
			</Target>
		</Build>
		<Unit filename="/home/ubuntu-nico/Documents/Workspace/Projet_C/Codage_de_Huffman/arbre.c">
			<Option target="Codage_de_Huffman"/>
		</Unit>
		<Unit filename="/home/ubuntu-nico/Documents/Workspace/Projet_C/Codage_de_Huffman/arbre.h">
			<Option target="Codage_de_Huffman"/>
		</Unit>
		<Unit filename="/home/ubuntu-nico/Documents/Workspace/Projet_C/Codage_de_Huffman/couple.c">
			<Option target="Codage_de_Huffman"/>
		</Unit>
		<Unit filename="/home/ubuntu-nico/Documents/Workspace/Projet_C/Codage_de_Huffman/couple.h">
			<Option target="Codage_de_Huffman"/>
		</Unit>
		<Unit filename="/home/ubuntu-nico/Documents/Workspace/Projet_C/Codage_de_Huffman/heapq.c">
			<Option target="Codage_de_Huffman"/>
		</Unit>
		<Unit filename="/home/ubuntu-nico/Documents/Workspace/Projet_C/Codage_de_Huffman/heapq.h">
			<Option target="Codage_de_Huffman"/>
		</Unit>
		<Unit filename="/home/ubuntu-nico/Documents/Workspace/Projet_C/Codage_de_Huffman/huffman.c">
			<Option target="Codage_de_Huffman"/>
		</Unit>
		<Unit filename="/home/ubuntu-nico/Documents/Workspace/Projet_C/Codage_de_Huffman/huffman.h">
			<Option target="Codage_de_Huffman"/>
		</Unit>
		<Unit filename="/home/ubuntu-nico/Documents/Workspace/Projet_C/Codage_de_Huffman/main.c">
			<Option target="Codage_de_Huffman"/>
		</Unit>
		<Unit filename="/home/ubuntu-nico/Documents/Workspace/Projet_C/Codage_de_Huffman/utils.h">
			<Option target="Codage_de_Huffman"/>
		</Unit>
		<Unit filename="/home/ubuntu-nico/Documents/Workspace/Projet_C/Codage_de_Huffman/CMakeLists.txt">
			<Option virtualFolder="CMake Files\"/>
		</Unit>
	</Project>
</CodeBlocks_project_file>
